// !$*UTF8*$!
{
	archiveVersion = 1;
	classes = {
	};
	objectVersion = 77;
	objects = {

/* Begin PBXContainerItemProxy section */
		1B28F36F2DED494700B7DA51 /* PBXContainerItemProxy */ = {
			isa = PBXContainerItemProxy;
			containerPortal = 1B28F3592DED494500B7DA51 /* Project object */;
			proxyType = 1;
			remoteGlobalIDString = 1B28F3602DED494500B7DA51;
			remoteInfo = Thinkboard;
		};
		1B28F3792DED494800B7DA51 /* PBXContainerItemProxy */ = {
			isa = PBXContainerItemProxy;
			containerPortal = 1B28F3592DED494500B7DA51 /* Project object */;
			proxyType = 1;
			remoteGlobalIDString = 1B28F3602DED494500B7DA51;
			remoteInfo = Thinkboard;
		};
/* End PBXContainerItemProxy section */

/* Begin PBXFileReference section */
		1B28F3612DED494500B7DA51 /* Thinkboard.app */ = {isa = PBXFileReference; explicitFileType = wrapper.application; includeInIndex = 0; path = Thinkboard.app; sourceTree = BUILT_PRODUCTS_DIR; };
		1B28F36E2DED494700B7DA51 /* ThinkboardTests.xctest */ = {isa = PBXFileReference; explicitFileType = wrapper.cfbundle; includeInIndex = 0; path = ThinkboardTests.xctest; sourceTree = BUILT_PRODUCTS_DIR; };
		1B28F3782DED494800B7DA51 /* ThinkboardUITests.xctest */ = {isa = PBXFileReference; explicitFileType = wrapper.cfbundle; includeInIndex = 0; path = ThinkboardUITests.xctest; sourceTree = BUILT_PRODUCTS_DIR; };
/* End PBXFileReference section */

/* Begin PBXFileSystemSynchronizedRootGroup section */
		1B28F3632DED494500B7DA51 /* Thinkboard */ = {
			isa = PBXFileSystemSynchronizedRootGroup;
			path = Thinkboard;
			sourceTree = "<group>";
		};
		1B28F3712DED494800B7DA51 /* ThinkboardTests */ = {
			isa = PBXFileSystemSynchronizedRootGroup;
			path = ThinkboardTests;
			sourceTree = "<group>";
		};
		1B28F37B2DED494800B7DA51 /* ThinkboardUITests */ = {
			isa = PBXFileSystemSynchronizedRootGroup;
			path = ThinkboardUITests;
			sourceTree = "<group>";
		};
/* End PBXFileSystemSynchronizedRootGroup section */

/* Begin PBXFrameworksBuildPhase section */
		1B28F35E2DED494500B7DA51 /* Frameworks */ = {
			isa = PBXFrameworksBuildPhase;
			buildActionMask = 2147483647;
			files = (
			);
			runOnlyForDeploymentPostprocessing = 0;
		};
		1B28F36B2DED494700B7DA51 /* Frameworks */ = {
			isa = PBXFrameworksBuildPhase;
			buildActionMask = 2147483647;
			files = (
			);
			runOnlyForDeploymentPostprocessing = 0;
		};
		1B28F3752DED494800B7DA51 /* Frameworks */ = {
			isa = PBXFrameworksBuildPhase;
			buildActionMask = 2147483647;
			files = (
			);
			runOnlyForDeploymentPostprocessing = 0;
		};
/* End PBXFrameworksBuildPhase section */

/* Begin PBXGroup section */
		1B28F3582DED494500B7DA51 = {
			isa = PBXGroup;
			children = (
				1B28F3632DED494500B7DA51 /* Thinkboard */,
				1B28F3712DED494800B7DA51 /* ThinkboardTests */,
				1B28F37B2DED494800B7DA51 /* ThinkboardUITests */,
				1B28F3622DED494500B7DA51 /* Products */,
			);
			sourceTree = "<group>";
		};
		1B28F3622DED494500B7DA51 /* Products */ = {
			isa = PBXGroup;
			children = (
				1B28F3612DED494500B7DA51 /* Thinkboard.app */,
				1B28F36E2DED494700B7DA51 /* ThinkboardTests.xctest */,
				1B28F3782DED494800B7DA51 /* ThinkboardUITests.xctest */,
			);
			name = Products;
			sourceTree = "<group>";
		};
/* End PBXGroup section */

/* Begin PBXNativeTarget section */
		1B28F3602DED494500B7DA51 /* Thinkboard */ = {
			isa = PBXNativeTarget;
			buildConfigurationList = 1B28F3822DED494800B7DA51 /* Build configuration list for PBXNativeTarget "Thinkboard" */;
			buildPhases = (
				1B28F35D2DED494500B7DA51 /* Sources */,
				1B28F35E2DED494500B7DA51 /* Frameworks */,
				1B28F35F2DED494500B7DA51 /* Resources */,
			);
			buildRules = (
			);
			dependencies = (
			);
			fileSystemSynchronizedGroups = (
				1B28F3632DED494500B7DA51 /* Thinkboard */,
			);
			name = Thinkboard;
			packageProductDependencies = (
			);
			productName = Thinkboard;
			productReference = 1B28F3612DED494500B7DA51 /* Thinkboard.app */;
			productType = "com.apple.product-type.application";
		};
		1B28F36D2DED494700B7DA51 /* ThinkboardTests */ = {
			isa = PBXNativeTarget;
			buildConfigurationList = 1B28F3852DED494800B7DA51 /* Build configuration list for PBXNativeTarget "ThinkboardTests" */;
			buildPhases = (
				1B28F36A2DED494700B7DA51 /* Sources */,
				1B28F36B2DED494700B7DA51 /* Frameworks */,
				1B28F36C2DED494700B7DA51 /* Resources */,
			);
			buildRules = (
			);
			dependencies = (
				1B28F3702DED494700B7DA51 /* PBXTargetDependency */,
			);
			fileSystemSynchronizedGroups = (
				1B28F3712DED494800B7DA51 /* ThinkboardTests */,
			);
			name = ThinkboardTests;
			packageProductDependencies = (
			);
			productName = ThinkboardTests;
			productReference = 1B28F36E2DED494700B7DA51 /* ThinkboardTests.xctest */;
			productType = "com.apple.product-type.bundle.unit-test";
		};
		1B28F3772DED494800B7DA51 /* ThinkboardUITests */ = {
			isa = PBXNativeTarget;
			buildConfigurationList = 1B28F3882DED494800B7DA51 /* Build configuration list for PBXNativeTarget "ThinkboardUITests" */;
			buildPhases = (
				1B28F3742DED494800B7DA51 /* Sources */,
				1B28F3752DED494800B7DA51 /* Frameworks */,
				1B28F3762DED494800B7DA51 /* Resources */,
			);
			buildRules = (
			);
			dependencies = (
				1B28F37A2DED494800B7DA51 /* PBXTargetDependency */,
			);
			fileSystemSynchronizedGroups = (
				1B28F37B2DED494800B7DA51 /* ThinkboardUITests */,
			);
			name = ThinkboardUITests;
			packageProductDependencies = (
			);
			productName = ThinkboardUITests;
			productReference = 1B28F3782DED494800B7DA51 /* ThinkboardUITests.xctest */;
			productType = "com.apple.product-type.bundle.ui-testing";
		};
/* End PBXNativeTarget section */

/* Begin PBXProject section */
		1B28F3592DED494500B7DA51 /* Project object */ = {
			isa = PBXProject;
			attributes = {
				BuildIndependentTargetsInParallel = 1;
				LastSwiftUpdateCheck = 1640;
				LastUpgradeCheck = 1640;
				TargetAttributes = {
					1B28F3602DED494500B7DA51 = {
						CreatedOnToolsVersion = 16.4;
					};
					1B28F36D2DED494700B7DA51 = {
						CreatedOnToolsVersion = 16.4;
						TestTargetID = 1B28F3602DED494500B7DA51;
					};
					1B28F3772DED494800B7DA51 = {
						CreatedOnToolsVersion = 16.4;
						TestTargetID = 1B28F3602DED494500B7DA51;
					};
				};
			};
			buildConfigurationList = 1B28F35C2DED494500B7DA51 /* Build configuration list for PBXProject "Thinkboard" */;
			developmentRegion = en;
			hasScannedForEncodings = 0;
			knownRegions = (
				en,
				Base,
			);
			mainGroup = 1B28F3582DED494500B7DA51;
			minimizedProjectReferenceProxies = 1;
			preferredProjectObjectVersion = 77;
			productRefGroup = 1B28F3622DED494500B7DA51 /* Products */;
			projectDirPath = "";
			projectRoot = "";
			targets = (
				1B28F3602DED494500B7DA51 /* Thinkboard */,
				1B28F36D2DED494700B7DA51 /* ThinkboardTests */,
				1B28F3772DED494800B7DA51 /* ThinkboardUITests */,
			);
		};
/* End PBXProject section */

/* Begin PBXResourcesBuildPhase section */
		1B28F35F2DED494500B7DA51 /* Resources */ = {
			isa = PBXResourcesBuildPhase;
			buildActionMask = 2147483647;
			files = (
			);
			runOnlyForDeploymentPostprocessing = 0;
		};
		1B28F36C2DED494700B7DA51 /* Resources */ = {
			isa = PBXResourcesBuildPhase;
			buildActionMask = 2147483647;
			files = (
			);
			runOnlyForDeploymentPostprocessing = 0;
		};
		1B28F3762DED494800B7DA51 /* Resources */ = {
			isa = PBXResourcesBuildPhase;
			buildActionMask = 2147483647;
			files = (
			);
			runOnlyForDeploymentPostprocessing = 0;
		};
/* End PBXResourcesBuildPhase section */

/* Begin PBXSourcesBuildPhase section */
		1B28F35D2DED494500B7DA51 /* Sources */ = {
			isa = PBXSourcesBuildPhase;
			buildActionMask = 2147483647;
			files = (
			);
			runOnlyForDeploymentPostprocessing = 0;
		};
		1B28F36A2DED494700B7DA51 /* Sources */ = {
			isa = PBXSourcesBuildPhase;
			buildActionMask = 2147483647;
			files = (
			);
			runOnlyForDeploymentPostprocessing = 0;
		};
		1B28F3742DED494800B7DA51 /* Sources */ = {
			isa = PBXSourcesBuildPhase;
			buildActionMask = 2147483647;
			files = (
			);
			runOnlyForDeploymentPostprocessing = 0;
		};
/* End PBXSourcesBuildPhase section */

/* Begin PBXTargetDependency section */
		1B28F3702DED494700B7DA51 /* PBXTargetDependency */ = {
			isa = PBXTargetDependency;
			target = 1B28F3602DED494500B7DA51 /* Thinkboard */;
			targetProxy = 1B28F36F2DED494700B7DA51 /* PBXContainerItemProxy */;
		};
		1B28F37A2DED494800B7DA51 /* PBXTargetDependency */ = {
			isa = PBXTargetDependency;
			target = 1B28F3602DED494500B7DA51 /* Thinkboard */;
			targetProxy = 1B28F3792DED494800B7DA51 /* PBXContainerItemProxy */;
		};
/* End PBXTargetDependency section */

/* Begin XCBuildConfiguration section */
		1B28F3802DED494800B7DA51 /* Debug */ = {
			isa = XCBuildConfiguration;
			buildSettings = {
				ALWAYS_SEARCH_USER_PATHS = NO;
				ASSETCATALOG_COMPILER_GENERATE_SWIFT_ASSET_SYMBOL_EXTENSIONS = YES;
				CLANG_ANALYZER_NONNULL = YES;
				CLANG_ANALYZER_NUMBER_OBJECT_CONVERSION = YES_AGGRESSIVE;
				CLANG_CXX_LANGUAGE_STANDARD = "gnu++20";
				CLANG_ENABLE_MODULES = YES;
				CLANG_ENABLE_OBJC_ARC = YES;
				CLANG_ENABLE_OBJC_WEAK = YES;
				CLANG_WARN_BLOCK_CAPTURE_AUTORELEASING = YES;
				CLANG_WARN_BOOL_CONVERSION = YES;
				CLANG_WARN_COMMA = YES;
				CLANG_WARN_CONSTANT_CONVERSION = YES;
				CLANG_WARN_DEPRECATED_OBJC_IMPLEMENTATIONS = YES;
				CLANG_WARN_DIRECT_OBJC_ISA_USAGE = YES_ERROR;
				CLANG_WARN_DOCUMENTATION_COMMENTS = YES;
				CLANG_WARN_EMPTY_BODY = YES;
				CLANG_WARN_ENUM_CONVERSION = YES;
				CLANG_WARN_INFINITE_RECURSION = YES;
				CLANG_WARN_INT_CONVERSION = YES;
				CLANG_WARN_NON_LITERAL_NULL_CONVERSION = YES;
				CLANG_WARN_OBJC_IMPLICIT_RETAIN_SELF = YES;
				CLANG_WARN_OBJC_LITERAL_CONVERSION = YES;
				CLANG_WARN_OBJC_ROOT_CLASS = YES_ERROR;
				CLANG_WARN_QUOTED_INCLUDE_IN_FRAMEWORK_HEADER = YES;
				CLANG_WARN_RANGE_LOOP_ANALYSIS = YES;
				CLANG_WARN_STRICT_PROTOTYPES = YES;
				CLANG_WARN_SUSPICIOUS_MOVE = YES;
				CLANG_WARN_UNGUARDED_AVAILABILITY = YES_AGGRESSIVE;
				CLANG_WARN_UNREACHABLE_CODE = YES;
				CLANG_WARN__DUPLICATE_METHOD_MATCH = YES;
				COPY_PHASE_STRIP = NO;
				DEBUG_INFORMATION_FORMAT = dwarf;
				ENABLE_STRICT_OBJC_MSGSEND = YES;
				ENABLE_TESTABILITY = YES;
				ENABLE_USER_SCRIPT_SANDBOXING = YES;
				GCC_C_LANGUAGE_STANDARD = gnu17;
				GCC_DYNAMIC_NO_PIC = NO;
				GCC_NO_COMMON_BLOCKS = YES;
				GCC_OPTIMIZATION_LEVEL = 0;
				GCC_PREPROCESSOR_DEFINITIONS = (
					"DEBUG=1",
					"$(inherited)",
				);
				GCC_WARN_64_TO_32_BIT_CONVERSION = YES;
				GCC_WARN_ABOUT_RETURN_TYPE = YES_ERROR;
				GCC_WARN_UNDECLARED_SELECTOR = YES;
				GCC_WARN_UNINITIALIZED_AUTOS = YES_AGGRESSIVE;
				GCC_WARN_UNUSED_FUNCTION = YES;
				GCC_WARN_UNUSED_VARIABLE = YES;
				IPHONEOS_DEPLOYMENT_TARGET = 18.5;
				LOCALIZATION_PREFERS_STRING_CATALOGS = YES;
				MTL_ENABLE_DEBUG_INFO = INCLUDE_SOURCE;
				MTL_FAST_MATH = YES;
				ONLY_ACTIVE_ARCH = YES;
				SDKROOT = iphoneos;
				SWIFT_ACTIVE_COMPILATION_CONDITIONS = "DEBUG $(inherited)";
				SWIFT_OPTIMIZATION_LEVEL = "-Onone";
			};
			name = Debug;
		};
		1B28F3812DED494800B7DA51 /* Release */ = {
			isa = XCBuildConfiguration;
			buildSettings = {
				ALWAYS_SEARCH_USER_PATHS = NO;
				ASSETCATALOG_COMPILER_GENERATE_SWIFT_ASSET_SYMBOL_EXTENSIONS = YES;
				CLANG_ANALYZER_NONNULL = YES;
				CLANG_ANALYZER_NUMBER_OBJECT_CONVERSION = YES_AGGRESSIVE;
				CLANG_CXX_LANGUAGE_STANDARD = "gnu++20";
				CLANG_ENABLE_MODULES = YES;
				CLANG_ENABLE_OBJC_ARC = YES;
				CLANG_ENABLE_OBJC_WEAK = YES;
				CLANG_WARN_BLOCK_CAPTURE_AUTORELEASING = YES;
				CLANG_WARN_BOOL_CONVERSION = YES;
				CLANG_WARN_COMMA = YES;
				CLANG_WARN_CONSTANT_CONVERSION = YES;
				CLANG_WARN_DEPRECATED_OBJC_IMPLEMENTATIONS = YES;
				CLANG_WARN_DIRECT_OBJC_ISA_USAGE = YES_ERROR;
				CLANG_WARN_DOCUMENTATION_COMMENTS = YES;
				CLANG_WARN_EMPTY_BODY = YES;
				CLANG_WARN_ENUM_CONVERSION = YES;
				CLANG_WARN_INFINITE_RECURSION = YES;
				CLANG_WARN_INT_CONVERSION = YES;
				CLANG_WARN_NON_LITERAL_NULL_CONVERSION = YES;
				CLANG_WARN_OBJC_IMPLICIT_RETAIN_SELF = YES;
				CLANG_WARN_OBJC_LITERAL_CONVERSION = YES;
				CLANG_WARN_OBJC_ROOT_CLASS = YES_ERROR;
				CLANG_WARN_QUOTED_INCLUDE_IN_FRAMEWORK_HEADER = YES;
				CLANG_WARN_RANGE_LOOP_ANALYSIS = YES;
				CLANG_WARN_STRICT_PROTOTYPES = YES;
				CLANG_WARN_SUSPICIOUS_MOVE = YES;
				CLANG_WARN_UNGUARDED_AVAILABILITY = YES_AGGRESSIVE;
				CLANG_WARN_UNREACHABLE_CODE = YES;
				CLANG_WARN__DUPLICATE_METHOD_MATCH = YES;
				COPY_PHASE_STRIP = NO;
				DEBUG_INFORMATION_FORMAT = "dwarf-with-dsym";
				ENABLE_NS_ASSERTIONS = NO;
				ENABLE_STRICT_OBJC_MSGSEND = YES;
				ENABLE_USER_SCRIPT_SANDBOXING = YES;
				GCC_C_LANGUAGE_STANDARD = gnu17;
				GCC_NO_COMMON_BLOCKS = YES;
				GCC_WARN_64_TO_32_BIT_CONVERSION = YES;
				GCC_WARN_ABOUT_RETURN_TYPE = YES_ERROR;
				GCC_WARN_UNDECLARED_SELECTOR = YES;
				GCC_WARN_UNINITIALIZED_AUTOS = YES_AGGRESSIVE;
				GCC_WARN_UNUSED_FUNCTION = YES;
				GCC_WARN_UNUSED_VARIABLE = YES;
				IPHONEOS_DEPLOYMENT_TARGET = 18.5;
				LOCALIZATION_PREFERS_STRING_CATALOGS = YES;
				MTL_ENABLE_DEBUG_INFO = NO;
				MTL_FAST_MATH = YES;
				SDKROOT = iphoneos;
				SWIFT_COMPILATION_MODE = wholemodule;
				VALIDATE_PRODUCT = YES;
			};
			name = Release;
		};
		1B28F3832DED494800B7DA51 /* Debug */ = {
			isa = XCBuildConfiguration;
			buildSettings = {
				ASSETCATALOG_COMPILER_APPICON_NAME = AppIcon;
				ASSETCATALOG_COMPILER_GLOBAL_ACCENT_COLOR_NAME = AccentColor;
				CODE_SIGN_STYLE = Automatic;
				CURRENT_PROJECT_VERSION = 1;
				ENABLE_PREVIEWS = YES;
				GENERATE_INFOPLIST_FILE = YES;
				INFOPLIST_KEY_UIApplicationSceneManifest_Generation = YES;
				INFOPLIST_KEY_UIApplicationSupportsIndirectInputEvents = YES;
				INFOPLIST_KEY_UILaunchScreen_Generation = YES;
				INFOPLIST_KEY_UISupportedInterfaceOrientations_iPad = "UIInterfaceOrientationPortrait UIInterfaceOrientationPortraitUpsideDown UIInterfaceOrientationLandscapeLeft UIInterfaceOrientationLandscapeRight";
				INFOPLIST_KEY_UISupportedInterfaceOrientations_iPhone = "UIInterfaceOrientationPortrait UIInterfaceOrientationLandscapeLeft UIInterfaceOrientationLandscapeRight";
				LD_RUNPATH_SEARCH_PATHS = (
					"$(inherited)",
					"@executable_path/Frameworks",
				);
				MARKETING_VERSION = 1.0;
				PRODUCT_BUNDLE_IDENTIFIER = IanEllis.Thinkboard;
				PRODUCT_NAME = "$(TARGET_NAME)";
				SWIFT_EMIT_LOC_STRINGS = YES;
				SWIFT_VERSION = 5.0;
				TARGETED_DEVICE_FAMILY = "1,2";
			};
			name = Debug;
		};
		1B28F3842DED494800B7DA51 /* Release */ = {
			isa = XCBuildConfiguration;
			buildSettings = {
				ASSETCATALOG_COMPILER_APPICON_NAME = AppIcon;
				ASSETCATALOG_COMPILER_GLOBAL_ACCENT_COLOR_NAME = AccentColor;
				CODE_SIGN_STYLE = Automatic;
				CURRENT_PROJECT_VERSION = 1;
				ENABLE_PREVIEWS = YES;
				GENERATE_INFOPLIST_FILE = YES;
				INFOPLIST_KEY_UIApplicationSceneManifest_Generation = YES;
				INFOPLIST_KEY_UIApplicationSupportsIndirectInputEvents = YES;
				INFOPLIST_KEY_UILaunchScreen_Generation = YES;
				INFOPLIST_KEY_UISupportedInterfaceOrientations_iPad = "UIInterfaceOrientationPortrait UIInterfaceOrientationPortraitUpsideDown UIInterfaceOrientationLandscapeLeft UIInterfaceOrientationLandscapeRight";
				INFOPLIST_KEY_UISupportedInterfaceOrientations_iPhone = "UIInterfaceOrientationPortrait UIInterfaceOrientationLandscapeLeft UIInterfaceOrientationLandscapeRight";
				LD_RUNPATH_SEARCH_PATHS = (
					"$(inherited)",
					"@executable_path/Frameworks",
				);
				MARKETING_VERSION = 1.0;
				PRODUCT_BUNDLE_IDENTIFIER = IanEllis.Thinkboard;
				PRODUCT_NAME = "$(TARGET_NAME)";
				SWIFT_EMIT_LOC_STRINGS = YES;
				SWIFT_VERSION = 5.0;
				TARGETED_DEVICE_FAMILY = "1,2";
			};
			name = Release;
		};
		1B28F3862DED494800B7DA51 /* Debug */ = {
			isa = XCBuildConfiguration;
			buildSettings = {
				BUNDLE_LOADER = "$(TEST_HOST)";
				CODE_SIGN_STYLE = Automatic;
				CURRENT_PROJECT_VERSION = 1;
				GENERATE_INFOPLIST_FILE = YES;
				IPHONEOS_DEPLOYMENT_TARGET = 18.5;
				MARKETING_VERSION = 1.0;
				PRODUCT_BUNDLE_IDENTIFIER = IanEllis.ThinkboardTests;
				PRODUCT_NAME = "$(TARGET_NAME)";
				SWIFT_EMIT_LOC_STRINGS = NO;
				SWIFT_VERSION = 5.0;
				TARGETED_DEVICE_FAMILY = "1,2";
				TEST_HOST = "$(BUILT_PRODUCTS_DIR)/Thinkboard.app/$(BUNDLE_EXECUTABLE_FOLDER_PATH)/Thinkboard";
			};
			name = Debug;
		};
		1B28F3872DED494800B7DA51 /* Release */ = {
			isa = XCBuildConfiguration;
			buildSettings = {
				BUNDLE_LOADER = "$(TEST_HOST)";
				CODE_SIGN_STYLE = Automatic;
				CURRENT_PROJECT_VERSION = 1;
				GENERATE_INFOPLIST_FILE = YES;
				IPHONEOS_DEPLOYMENT_TARGET = 18.5;
				MARKETING_VERSION = 1.0;
				PRODUCT_BUNDLE_IDENTIFIER = IanEllis.ThinkboardTests;
				PRODUCT_NAME = "$(TARGET_NAME)";
				SWIFT_EMIT_LOC_STRINGS = NO;
				SWIFT_VERSION = 5.0;
				TARGETED_DEVICE_FAMILY = "1,2";
				TEST_HOST = "$(BUILT_PRODUCTS_DIR)/Thinkboard.app/$(BUNDLE_EXECUTABLE_FOLDER_PATH)/Thinkboard";
			};
			name = Release;
		};
		1B28F3892DED494800B7DA51 /* Debug */ = {
			isa = XCBuildConfiguration;
			buildSettings = {
				CODE_SIGN_STYLE = Automatic;
				CURRENT_PROJECT_VERSION = 1;
				GENERATE_INFOPLIST_FILE = YES;
				MARKETING_VERSION = 1.0;
				PRODUCT_BUNDLE_IDENTIFIER = IanEllis.ThinkboardUITests;
				PRODUCT_NAME = "$(TARGET_NAME)";
				SWIFT_EMIT_LOC_STRINGS = NO;
				SWIFT_VERSION = 5.0;
				TARGETED_DEVICE_FAMILY = "1,2";
				TEST_TARGET_NAME = Thinkboard;
			};
			name = Debug;
		};
		1B28F38A2DED494800B7DA51 /* Release */ = {
			isa = XCBuildConfiguration;
			buildSettings = {
				CODE_SIGN_STYLE = Automatic;
				CURRENT_PROJECT_VERSION = 1;
				GENERATE_INFOPLIST_FILE = YES;
				MARKETING_VERSION = 1.0;
				PRODUCT_BUNDLE_IDENTIFIER = IanEllis.ThinkboardUITests;
				PRODUCT_NAME = "$(TARGET_NAME)";
				SWIFT_EMIT_LOC_STRINGS = NO;
				SWIFT_VERSION = 5.0;
				TARGETED_DEVICE_FAMILY = "1,2";
				TEST_TARGET_NAME = Thinkboard;
			};
			name = Release;
		};
/* End XCBuildConfiguration section */

/* Begin XCConfigurationList section */
		1B28F35C2DED494500B7DA51 /* Build configuration list for PBXProject "Thinkboard" */ = {
			isa = XCConfigurationList;
			buildConfigurations = (
				1B28F3802DED494800B7DA51 /* Debug */,
				1B28F3812DED494800B7DA51 /* Release */,
			);
			defaultConfigurationIsVisible = 0;
			defaultConfigurationName = Release;
		};
		1B28F3822DED494800B7DA51 /* Build configuration list for PBXNativeTarget "Thinkboard" */ = {
			isa = XCConfigurationList;
			buildConfigurations = (
				1B28F3832DED494800B7DA51 /* Debug */,
				1B28F3842DED494800B7DA51 /* Release */,
			);
			defaultConfigurationIsVisible = 0;
			defaultConfigurationName = Release;
		};
		1B28F3852DED494800B7DA51 /* Build configuration list for PBXNativeTarget "ThinkboardTests" */ = {
			isa = XCConfigurationList;
			buildConfigurations = (
				1B28F3862DED494800B7DA51 /* Debug */,
				1B28F3872DED494800B7DA51 /* Release */,
			);
			defaultConfigurationIsVisible = 0;
			defaultConfigurationName = Release;
		};
		1B28F3882DED494800B7DA51 /* Build configuration list for PBXNativeTarget "ThinkboardUITests" */ = {
			isa = XCConfigurationList;
			buildConfigurations = (
				1B28F3892DED494800B7DA51 /* Debug */,
				1B28F38A2DED494800B7DA51 /* Release */,
			);
			defaultConfigurationIsVisible = 0;
			defaultConfigurationName = Release;
		};
/* End XCConfigurationList section */
	};
	rootObject = 1B28F3592DED494500B7DA51 /* Project object */;
}
